
Microsoft Visual Studio Solution File, Format Version 12.00
# Visual Studio Version 17
VisualStudioVersion = 17.0.31903.59
MinimumVisualStudioVersion = 10.0.40219.1
Project("{2150E333-8FDC-42A3-9474-1A3956D46DE8}") = "src", "src", "{827E0CD3-B72D-47B6-A68D-7590B98EB39B}"
EndProject
Project("{FAE04EC0-301F-11D3-BF4B-00C04F79EFBC}") = "ZenitWpp.Domain", "src\ZenitWpp.Domain\ZenitWpp.Domain.csproj", "{CD492745-F9E0-475E-AE00-972D0BDFD7D3}"
EndProject
Project("{FAE04EC0-301F-11D3-BF4B-00C04F79EFBC}") = "ZenitWpp.Application", "src\ZenitWpp.Application\ZenitWpp.Application.csproj", "{5D19EF96-F237-4743-98AA-D9C8D624CD02}"
EndProject
Project("{FAE04EC0-301F-11D3-BF4B-00C04F79EFBC}") = "ZenitWpp.Infrastructure", "src\ZenitWpp.Infrastructure\ZenitWpp.Infrastructure.csproj", "{6C3DAD63-653C-4D5C-A863-964A1632A5B2}"
EndProject
Project("{FAE04EC0-301F-11D3-BF4B-00C04F79EFBC}") = "ZenitWpp.Api", "src\ZenitWpp.Api\ZenitWpp.Api.csproj", "{C3E19711-7335-4A1E-8EC2-800C01F02106}"
EndProject
Project("{2150E333-8FDC-42A3-9474-1A3956D46DE8}") = "tests", "tests", "{0AB3BF05-4346-4AA6-1389-037BE0695223}"
EndProject
Project("{FAE04EC0-301F-11D3-BF4B-00C04F79EFBC}") = "ZenitWpp.Domain.Tests", "tests\ZenitWpp.Domain.Tests\ZenitWpp.Domain.Tests.csproj", "{65AF540F-DAFE-4631-B1C3-7ADE3A11623D}"
EndProject
Project("{FAE04EC0-301F-11D3-BF4B-00C04F79EFBC}") = "ZenitWpp.Application.Tests", "tests\ZenitWpp.Application.Tests\ZenitWpp.Application.Tests.csproj", "{EB82715B-2D87-4C3E-B1EA-8AF81DF80161}"
EndProject
Project("{FAE04EC0-301F-11D3-BF4B-00C04F79EFBC}") = "ZenitWpp.Integration.Tests", "tests\ZenitWpp.Integration.Tests\ZenitWpp.Integration.Tests.csproj", "{2C6FF4F9-0B1B-4138-A068-F14347EBD9F5}"
EndProject
Global
	GlobalSection(SolutionConfigurationPlatforms) = preSolution
		Debug|Any CPU = Debug|Any CPU
		Debug|x64 = Debug|x64
		Debug|x86 = Debug|x86
		Release|Any CPU = Release|Any CPU
		Release|x64 = Release|x64
		Release|x86 = Release|x86
	EndGlobalSection
	GlobalSection(ProjectConfigurationPlatforms) = postSolution
		{CD492745-F9E0-475E-AE00-972D0BDFD7D3}.Debug|Any CPU.ActiveCfg = Debug|Any CPU
		{CD492745-F9E0-475E-AE00-972D0BDFD7D3}.Debug|Any CPU.Build.0 = Debug|Any CPU
		{CD492745-F9E0-475E-AE00-972D0BDFD7D3}.Debug|x64.ActiveCfg = Debug|Any CPU
		{CD492745-F9E0-475E-AE00-972D0BDFD7D3}.Debug|x64.Build.0 = Debug|Any CPU
		{CD492745-F9E0-475E-AE00-972D0BDFD7D3}.Debug|x86.ActiveCfg = Debug|Any CPU
		{CD492745-F9E0-475E-AE00-972D0BDFD7D3}.Debug|x86.Build.0 = Debug|Any CPU
		{CD492745-F9E0-475E-AE00-972D0BDFD7D3}.Release|Any CPU.ActiveCfg = Release|Any CPU
		{CD492745-F9E0-475E-AE00-972D0BDFD7D3}.Release|Any CPU.Build.0 = Release|Any CPU
		{CD492745-F9E0-475E-AE00-972D0BDFD7D3}.Release|x64.ActiveCfg = Release|Any CPU
		{CD492745-F9E0-475E-AE00-972D0BDFD7D3}.Release|x64.Build.0 = Release|Any CPU
		{CD492745-F9E0-475E-AE00-972D0BDFD7D3}.Release|x86.ActiveCfg = Release|Any CPU
		{CD492745-F9E0-475E-AE00-972D0BDFD7D3}.Release|x86.Build.0 = Release|Any CPU
		{5D19EF96-F237-4743-98AA-D9C8D624CD02}.Debug|Any CPU.ActiveCfg = Debug|Any CPU
		{5D19EF96-F237-4743-98AA-D9C8D624CD02}.Debug|Any CPU.Build.0 = Debug|Any CPU
		{5D19EF96-F237-4743-98AA-D9C8D624CD02}.Debug|x64.ActiveCfg = Debug|Any CPU
		{5D19EF96-F237-4743-98AA-D9C8D624CD02}.Debug|x64.Build.0 = Debug|Any CPU
		{5D19EF96-F237-4743-98AA-D9C8D624CD02}.Debug|x86.ActiveCfg = Debug|Any CPU
		{5D19EF96-F237-4743-98AA-D9C8D624CD02}.Debug|x86.Build.0 = Debug|Any CPU
		{5D19EF96-F237-4743-98AA-D9C8D624CD02}.Release|Any CPU.ActiveCfg = Release|Any CPU
		{5D19EF96-F237-4743-98AA-D9C8D624CD02}.Release|Any CPU.Build.0 = Release|Any CPU
		{5D19EF96-F237-4743-98AA-D9C8D624CD02}.Release|x64.ActiveCfg = Release|Any CPU
		{5D19EF96-F237-4743-98AA-D9C8D624CD02}.Release|x64.Build.0 = Release|Any CPU
		{5D19EF96-F237-4743-98AA-D9C8D624CD02}.Release|x86.ActiveCfg = Release|Any CPU
		{5D19EF96-F237-4743-98AA-D9C8D624CD02}.Release|x86.Build.0 = Release|Any CPU
		{6C3DAD63-653C-4D5C-A863-964A1632A5B2}.Debug|Any CPU.ActiveCfg = Debug|Any CPU
		{6C3DAD63-653C-4D5C-A863-964A1632A5B2}.Debug|Any CPU.Build.0 = Debug|Any CPU
		{6C3DAD63-653C-4D5C-A863-964A1632A5B2}.Debug|x64.ActiveCfg = Debug|Any CPU
		{6C3DAD63-653C-4D5C-A863-964A1632A5B2}.Debug|x64.Build.0 = Debug|Any CPU
		{6C3DAD63-653C-4D5C-A863-964A1632A5B2}.Debug|x86.ActiveCfg = Debug|Any CPU
		{6C3DAD63-653C-4D5C-A863-964A1632A5B2}.Debug|x86.Build.0 = Debug|Any CPU
		{6C3DAD63-653C-4D5C-A863-964A1632A5B2}.Release|Any CPU.ActiveCfg = Release|Any CPU
		{6C3DAD63-653C-4D5C-A863-964A1632A5B2}.Release|Any CPU.Build.0 = Release|Any CPU
		{6C3DAD63-653C-4D5C-A863-964A1632A5B2}.Release|x64.ActiveCfg = Release|Any CPU
		{6C3DAD63-653C-4D5C-A863-964A1632A5B2}.Release|x64.Build.0 = Release|Any CPU
		{6C3DAD63-653C-4D5C-A863-964A1632A5B2}.Release|x86.ActiveCfg = Release|Any CPU
		{6C3DAD63-653C-4D5C-A863-964A1632A5B2}.Release|x86.Build.0 = Release|Any CPU
		{C3E19711-7335-4A1E-8EC2-800C01F02106}.Debug|Any CPU.ActiveCfg = Debug|Any CPU
		{C3E19711-7335-4A1E-8EC2-800C01F02106}.Debug|Any CPU.Build.0 = Debug|Any CPU
		{C3E19711-7335-4A1E-8EC2-800C01F02106}.Debug|x64.ActiveCfg = Debug|Any CPU
		{C3E19711-7335-4A1E-8EC2-800C01F02106}.Debug|x64.Build.0 = Debug|Any CPU
		{C3E19711-7335-4A1E-8EC2-800C01F02106}.Debug|x86.ActiveCfg = Debug|Any CPU
		{C3E19711-7335-4A1E-8EC2-800C01F02106}.Debug|x86.Build.0 = Debug|Any CPU
		{C3E19711-7335-4A1E-8EC2-800C01F02106}.Release|Any CPU.ActiveCfg = Release|Any CPU
		{C3E19711-7335-4A1E-8EC2-800C01F02106}.Release|Any CPU.Build.0 = Release|Any CPU
		{C3E19711-7335-4A1E-8EC2-800C01F02106}.Release|x64.ActiveCfg = Release|Any CPU
		{C3E19711-7335-4A1E-8EC2-800C01F02106}.Release|x64.Build.0 = Release|Any CPU
		{C3E19711-7335-4A1E-8EC2-800C01F02106}.Release|x86.ActiveCfg = Release|Any CPU
		{C3E19711-7335-4A1E-8EC2-800C01F02106}.Release|x86.Build.0 = Release|Any CPU
		{65AF540F-DAFE-4631-B1C3-7ADE3A11623D}.Debug|Any CPU.ActiveCfg = Debug|Any CPU
		{65AF540F-DAFE-4631-B1C3-7ADE3A11623D}.Debug|Any CPU.Build.0 = Debug|Any CPU
		{65AF540F-DAFE-4631-B1C3-7ADE3A11623D}.Debug|x64.ActiveCfg = Debug|Any CPU
		{65AF540F-DAFE-4631-B1C3-7ADE3A11623D}.Debug|x64.Build.0 = Debug|Any CPU
		{65AF540F-DAFE-4631-B1C3-7ADE3A11623D}.Debug|x86.ActiveCfg = Debug|Any CPU
		{65AF540F-DAFE-4631-B1C3-7ADE3A11623D}.Debug|x86.Build.0 = Debug|Any CPU
		{65AF540F-DAFE-4631-B1C3-7ADE3A11623D}.Release|Any CPU.ActiveCfg = Release|Any CPU
		{65AF540F-DAFE-4631-B1C3-7ADE3A11623D}.Release|Any CPU.Build.0 = Release|Any CPU
		{65AF540F-DAFE-4631-B1C3-7ADE3A11623D}.Release|x64.ActiveCfg = Release|Any CPU
		{65AF540F-DAFE-4631-B1C3-7ADE3A11623D}.Release|x64.Build.0 = Release|Any CPU
		{65AF540F-DAFE-4631-B1C3-7ADE3A11623D}.Release|x86.ActiveCfg = Release|Any CPU
		{65AF540F-DAFE-4631-B1C3-7ADE3A11623D}.Release|x86.Build.0 = Release|Any CPU
		{EB82715B-2D87-4C3E-B1EA-8AF81DF80161}.Debug|Any CPU.ActiveCfg = Debug|Any CPU
		{EB82715B-2D87-4C3E-B1EA-8AF81DF80161}.Debug|Any CPU.Build.0 = Debug|Any CPU
		{EB82715B-2D87-4C3E-B1EA-8AF81DF80161}.Debug|x64.ActiveCfg = Debug|Any CPU
		{EB82715B-2D87-4C3E-B1EA-8AF81DF80161}.Debug|x64.Build.0 = Debug|Any CPU
		{EB82715B-2D87-4C3E-B1EA-8AF81DF80161}.Debug|x86.ActiveCfg = Debug|Any CPU
		{EB82715B-2D87-4C3E-B1EA-8AF81DF80161}.Debug|x86.Build.0 = Debug|Any CPU
		{EB82715B-2D87-4C3E-B1EA-8AF81DF80161}.Release|Any CPU.ActiveCfg = Release|Any CPU
		{EB82715B-2D87-4C3E-B1EA-8AF81DF80161}.Release|Any CPU.Build.0 = Release|Any CPU
		{EB82715B-2D87-4C3E-B1EA-8AF81DF80161}.Release|x64.ActiveCfg = Release|Any CPU
		{EB82715B-2D87-4C3E-B1EA-8AF81DF80161}.Release|x64.Build.0 = Release|Any CPU
		{EB82715B-2D87-4C3E-B1EA-8AF81DF80161}.Release|x86.ActiveCfg = Release|Any CPU
		{EB82715B-2D87-4C3E-B1EA-8AF81DF80161}.Release|x86.Build.0 = Release|Any CPU
		{2C6FF4F9-0B1B-4138-A068-F14347EBD9F5}.Debug|Any CPU.ActiveCfg = Debug|Any CPU
		{2C6FF4F9-0B1B-4138-A068-F14347EBD9F5}.Debug|Any CPU.Build.0 = Debug|Any CPU
		{2C6FF4F9-0B1B-4138-A068-F14347EBD9F5}.Debug|x64.ActiveCfg = Debug|Any CPU
		{2C6FF4F9-0B1B-4138-A068-F14347EBD9F5}.Debug|x64.Build.0 = Debug|Any CPU
		{2C6FF4F9-0B1B-4138-A068-F14347EBD9F5}.Debug|x86.ActiveCfg = Debug|Any CPU
		{2C6FF4F9-0B1B-4138-A068-F14347EBD9F5}.Debug|x86.Build.0 = Debug|Any CPU
		{2C6FF4F9-0B1B-4138-A068-F14347EBD9F5}.Release|Any CPU.ActiveCfg = Release|Any CPU
		{2C6FF4F9-0B1B-4138-A068-F14347EBD9F5}.Release|Any CPU.Build.0 = Release|Any CPU
		{2C6FF4F9-0B1B-4138-A068-F14347EBD9F5}.Release|x64.ActiveCfg = Release|Any CPU
		{2C6FF4F9-0B1B-4138-A068-F14347EBD9F5}.Release|x64.Build.0 = Release|Any CPU
		{2C6FF4F9-0B1B-4138-A068-F14347EBD9F5}.Release|x86.ActiveCfg = Release|Any CPU
		{2C6FF4F9-0B1B-4138-A068-F14347EBD9F5}.Release|x86.Build.0 = Release|Any CPU
	EndGlobalSection
	GlobalSection(SolutionProperties) = preSolution
		HideSolutionNode = FALSE
	EndGlobalSection
	GlobalSection(NestedProjects) = preSolution
		{CD492745-F9E0-475E-AE00-972D0BDFD7D3} = {827E0CD3-B72D-47B6-A68D-7590B98EB39B}
		{5D19EF96-F237-4743-98AA-D9C8D624CD02} = {827E0CD3-B72D-47B6-A68D-7590B98EB39B}
		{6C3DAD63-653C-4D5C-A863-964A1632A5B2} = {827E0CD3-B72D-47B6-A68D-7590B98EB39B}
		{C3E19711-7335-4A1E-8EC2-800C01F02106} = {827E0CD3-B72D-47B6-A68D-7590B98EB39B}
		{65AF540F-DAFE-4631-B1C3-7ADE3A11623D} = {0AB3BF05-4346-4AA6-1389-037BE0695223}
		{EB82715B-2D87-4C3E-B1EA-8AF81DF80161} = {0AB3BF05-4346-4AA6-1389-037BE0695223}
		{2C6FF4F9-0B1B-4138-A068-F14347EBD9F5} = {0AB3BF05-4346-4AA6-1389-037BE0695223}
	EndGlobalSection
EndGlobal
